
Microsoft Visual Studio Solution File, Format Version 12.00
# Visual Studio Version 17
VisualStudioVersion = 17.6.33829.357
MinimumVisualStudioVersion = 10.0.40219.1
Project("{FAE04EC0-301F-11D3-BF4B-00C04F79EFBC}") = "H3_ORM_Data - Database-first", "H3_ORM_Data - Database-first\H3_ORM_Data - Database-first.csproj", "{2535B3FC-E1B0-48AB-909C-A9BADAF0F3BE}"
EndProject
Global
	GlobalSection(SolutionConfigurationPlatforms) = preSolution
		Debug|Any CPU = Debug|Any CPU
		Release|Any CPU = Release|Any CPU
	EndGlobalSection
	GlobalSection(ProjectConfigurationPlatforms) = postSolution
		{2535B3FC-E1B0-48AB-909C-A9BADAF0F3BE}.Debug|Any CPU.ActiveCfg = Debug|Any CPU
		{2535B3FC-E1B0-48AB-909C-A9BADAF0F3BE}.Debug|Any CPU.Build.0 = Debug|Any CPU
		{2535B3FC-E1B0-48AB-909C-A9BADAF0F3BE}.Release|Any CPU.ActiveCfg = Release|Any CPU
		{2535B3FC-E1B0-48AB-909C-A9BADAF0F3BE}.Release|Any CPU.Build.0 = Release|Any CPU
	EndGlobalSection
	GlobalSection(SolutionProperties) = preSolution
		HideSolutionNode = FALSE
	EndGlobalSection
	GlobalSection(ExtensibilityGlobals) = postSolution
		SolutionGuid = {5FB766CC-C7EE-4189-8A1C-0F7262719DB1}
	EndGlobalSection
EndGlobal
